// !$*UTF8*$!
{
	archiveVersion = 1;
	classes = {
	};
	objectVersion = 77;
	objects = {

/* Begin PBXBuildFile section */
		09AF31552B7D37A8E514F4F2 /* CanvasView.swift in Sources */ = {isa = PBXBuildFile; fileRef = BC778682C9D6A1FDB734591C /* CanvasView.swift */; };
		0B0865B192D54C9D1053D72E /* Vision.framework in Embed Frameworks */ = {isa = PBXBuildFile; fileRef = A6A3E55984EF047784A31EF9 /* Vision.framework */; settings = {ATTRIBUTES = (CodeSignOnCopy, RemoveHeadersOnCopy, ); }; };
		1BEDB2DA53C91BB23CEF8CC0 /* Card.swift in Sources */ = {isa = PBXBuildFile; fileRef = 849DDD2FFA34E68554B2FD75 /* Card.swift */; };
		32E0CAB25EC32BEB7C8E9356 /* ContentView.swift in Sources */ = {isa = PBXBuildFile; fileRef = 8F4D8B2F30C64A8FE3F29C53 /* ContentView.swift */; };
		4047A57318C2397D3B224982 /* Vision.framework in Frameworks */ = {isa = PBXBuildFile; fileRef = A6A3E55984EF047784A31EF9 /* Vision.framework */; };
		4B28563A05D1F3BB2D67A4B7 /* SRSEngine.swift in Sources */ = {isa = PBXBuildFile; fileRef = 975786C5B1BF51CCFD9A73B2 /* SRSEngine.swift */; };
		603F45F3E6711D405F668919 /* DeckDetailView.swift in Sources */ = {isa = PBXBuildFile; fileRef = A65B4D6DD42878ECFE147183 /* DeckDetailView.swift */; };
		614D8B7135B6222060DA79B5 /* PencilKit.framework in Embed Frameworks */ = {isa = PBXBuildFile; fileRef = C283C53DCDF553BDC9139FC0 /* PencilKit.framework */; settings = {ATTRIBUTES = (CodeSignOnCopy, RemoveHeadersOnCopy, ); }; };
		6942C9DFFEA984CA8F693D3F /* Deck.swift in Sources */ = {isa = PBXBuildFile; fileRef = D17114F932AA5083ABC48C1E /* Deck.swift */; };
		83CBF1BF9742973E13F2CB2F /* KanjiBitesApp.swift in Sources */ = {isa = PBXBuildFile; fileRef = A25CBA7A3F5E32349906A449 /* KanjiBitesApp.swift */; };
		846CACFD64E793C9E0EC499E /* TextNormalizer.swift in Sources */ = {isa = PBXBuildFile; fileRef = 5A02F827151349C8353B5105 /* TextNormalizer.swift */; };
		8FA5069F06784DADA833DA72 /* HandwritingRecognizer.swift in Sources */ = {isa = PBXBuildFile; fileRef = 8EDE522790D9EDE8B3CD46B3 /* HandwritingRecognizer.swift */; };
		94214AC7EA3D6B4D65700215 /* StudySessionView.swift in Sources */ = {isa = PBXBuildFile; fileRef = F4E847888911A735B392FE7A /* StudySessionView.swift */; };
		94B7EE7A7E607D376C19F74F /* PencilKit.framework in Frameworks */ = {isa = PBXBuildFile; fileRef = C283C53DCDF553BDC9139FC0 /* PencilKit.framework */; };
		9EEAEBBE645F5AAEB93D713E /* SettingsView.swift in Sources */ = {isa = PBXBuildFile; fileRef = C6902B312710327A5926841E /* SettingsView.swift */; };
		AB5B863EE16A091DC34BAD49 /* KanjiBitesTests.swift in Sources */ = {isa = PBXBuildFile; fileRef = 34411586E1A9EEAAF73F96A1 /* KanjiBitesTests.swift */; };
		AD9B5C382F4244610EB53ECE /* AnswerReviewView.swift in Sources */ = {isa = PBXBuildFile; fileRef = A1E5A6D8EC47ADEE7CB3653D /* AnswerReviewView.swift */; };
		B46403FB1D79C7D7266D20E5 /* AddEditCardView.swift in Sources */ = {isa = PBXBuildFile; fileRef = 0E2305D4427A66210358D286 /* AddEditCardView.swift */; };
		B837558C63E97F0DE51B5E71 /* DeckListView.swift in Sources */ = {isa = PBXBuildFile; fileRef = EFF27F8931CA3C3B2498FD25 /* DeckListView.swift */; };
		C34C5FFE37FC00741B0C4A07 /* ReviewEntry.swift in Sources */ = {isa = PBXBuildFile; fileRef = 8A5643EA43A4D7A9EC78651B /* ReviewEntry.swift */; };
		C7BBCB2136C2D6683C66FD84 /* StudySessionViewModel.swift in Sources */ = {isa = PBXBuildFile; fileRef = B375DF09E229CCAAF72D1274 /* StudySessionViewModel.swift */; };
/* End PBXBuildFile section */

/* Begin PBXContainerItemProxy section */
		92E2B4500194973437ECE2D4 /* PBXContainerItemProxy */ = {
			isa = PBXContainerItemProxy;
			containerPortal = 86A82DC4ABF17556B4166FE6 /* Project object */;
			proxyType = 1;
			remoteGlobalIDString = 20070A43120814E898BC3C01;
			remoteInfo = KanjiBites;
		};
/* End PBXContainerItemProxy section */

/* Begin PBXCopyFilesBuildPhase section */
		D04F9C86080A86FECEB07090 /* Embed Frameworks */ = {
			isa = PBXCopyFilesBuildPhase;
			buildActionMask = 2147483647;
			dstPath = "";
			dstSubfolderSpec = 10;
			files = (
				614D8B7135B6222060DA79B5 /* PencilKit.framework in Embed Frameworks */,
				0B0865B192D54C9D1053D72E /* Vision.framework in Embed Frameworks */,
			);
			name = "Embed Frameworks";
			runOnlyForDeploymentPostprocessing = 0;
		};
/* End PBXCopyFilesBuildPhase section */

/* Begin PBXFileReference section */
		0E2305D4427A66210358D286 /* AddEditCardView.swift */ = {isa = PBXFileReference; lastKnownFileType = sourcecode.swift; path = AddEditCardView.swift; sourceTree = "<group>"; };
		34411586E1A9EEAAF73F96A1 /* KanjiBitesTests.swift */ = {isa = PBXFileReference; lastKnownFileType = sourcecode.swift; path = KanjiBitesTests.swift; sourceTree = "<group>"; };
		47A6A7C1787120B3F16F3150 /* Info.plist */ = {isa = PBXFileReference; lastKnownFileType = text.plist; path = Info.plist; sourceTree = "<group>"; };
		5A02F827151349C8353B5105 /* TextNormalizer.swift */ = {isa = PBXFileReference; lastKnownFileType = sourcecode.swift; path = TextNormalizer.swift; sourceTree = "<group>"; };
		6E2F8110401CAB7E69A7B8F5 /* KanjiBitesTests.xctest */ = {isa = PBXFileReference; includeInIndex = 0; lastKnownFileType = wrapper.cfbundle; path = KanjiBitesTests.xctest; sourceTree = BUILT_PRODUCTS_DIR; };
		849DDD2FFA34E68554B2FD75 /* Card.swift */ = {isa = PBXFileReference; lastKnownFileType = sourcecode.swift; path = Card.swift; sourceTree = "<group>"; };
		8A5643EA43A4D7A9EC78651B /* ReviewEntry.swift */ = {isa = PBXFileReference; lastKnownFileType = sourcecode.swift; path = ReviewEntry.swift; sourceTree = "<group>"; };
		8EDE522790D9EDE8B3CD46B3 /* HandwritingRecognizer.swift */ = {isa = PBXFileReference; lastKnownFileType = sourcecode.swift; path = HandwritingRecognizer.swift; sourceTree = "<group>"; };
		8F4D8B2F30C64A8FE3F29C53 /* ContentView.swift */ = {isa = PBXFileReference; lastKnownFileType = sourcecode.swift; path = ContentView.swift; sourceTree = "<group>"; };
		93EC3B02418CD47DB6F6B268 /* KanjiBites.app */ = {isa = PBXFileReference; includeInIndex = 0; lastKnownFileType = wrapper.application; path = KanjiBites.app; sourceTree = BUILT_PRODUCTS_DIR; };
		975786C5B1BF51CCFD9A73B2 /* SRSEngine.swift */ = {isa = PBXFileReference; lastKnownFileType = sourcecode.swift; path = SRSEngine.swift; sourceTree = "<group>"; };
		A1E5A6D8EC47ADEE7CB3653D /* AnswerReviewView.swift */ = {isa = PBXFileReference; lastKnownFileType = sourcecode.swift; path = AnswerReviewView.swift; sourceTree = "<group>"; };
		A25CBA7A3F5E32349906A449 /* KanjiBitesApp.swift */ = {isa = PBXFileReference; lastKnownFileType = sourcecode.swift; path = KanjiBitesApp.swift; sourceTree = "<group>"; };
		A65B4D6DD42878ECFE147183 /* DeckDetailView.swift */ = {isa = PBXFileReference; lastKnownFileType = sourcecode.swift; path = DeckDetailView.swift; sourceTree = "<group>"; };
		A6A3E55984EF047784A31EF9 /* Vision.framework */ = {isa = PBXFileReference; lastKnownFileType = wrapper.framework; path = Vision.framework; sourceTree = "<group>"; };
		B375DF09E229CCAAF72D1274 /* StudySessionViewModel.swift */ = {isa = PBXFileReference; lastKnownFileType = sourcecode.swift; path = StudySessionViewModel.swift; sourceTree = "<group>"; };
		BC778682C9D6A1FDB734591C /* CanvasView.swift */ = {isa = PBXFileReference; lastKnownFileType = sourcecode.swift; path = CanvasView.swift; sourceTree = "<group>"; };
		C283C53DCDF553BDC9139FC0 /* PencilKit.framework */ = {isa = PBXFileReference; lastKnownFileType = wrapper.framework; path = PencilKit.framework; sourceTree = "<group>"; };
		C6902B312710327A5926841E /* SettingsView.swift */ = {isa = PBXFileReference; lastKnownFileType = sourcecode.swift; path = SettingsView.swift; sourceTree = "<group>"; };
		D17114F932AA5083ABC48C1E /* Deck.swift */ = {isa = PBXFileReference; lastKnownFileType = sourcecode.swift; path = Deck.swift; sourceTree = "<group>"; };
		EFF27F8931CA3C3B2498FD25 /* DeckListView.swift */ = {isa = PBXFileReference; lastKnownFileType = sourcecode.swift; path = DeckListView.swift; sourceTree = "<group>"; };
		F4E847888911A735B392FE7A /* StudySessionView.swift */ = {isa = PBXFileReference; lastKnownFileType = sourcecode.swift; path = StudySessionView.swift; sourceTree = "<group>"; };
/* End PBXFileReference section */

/* Begin PBXFrameworksBuildPhase section */
		866013C9C6BE5B6AEC0FCDB2 /* Frameworks */ = {
			isa = PBXFrameworksBuildPhase;
			buildActionMask = 2147483647;
			files = (
				94B7EE7A7E607D376C19F74F /* PencilKit.framework in Frameworks */,
				4047A57318C2397D3B224982 /* Vision.framework in Frameworks */,
			);
			runOnlyForDeploymentPostprocessing = 0;
		};
/* End PBXFrameworksBuildPhase section */

/* Begin PBXGroup section */
		2640B863B85F375FED4B3F13 /* Frameworks */ = {
			isa = PBXGroup;
			children = (
				C283C53DCDF553BDC9139FC0 /* PencilKit.framework */,
				A6A3E55984EF047784A31EF9 /* Vision.framework */,
			);
			name = Frameworks;
			sourceTree = "<group>";
		};
		3265BBA8A46008464EE1BE3D /* KanjiBitesTests */ = {
			isa = PBXGroup;
			children = (
				34411586E1A9EEAAF73F96A1 /* KanjiBitesTests.swift */,
			);
			path = KanjiBitesTests;
			sourceTree = "<group>";
		};
		4171479112FBB98B3A358B83 /* Models */ = {
			isa = PBXGroup;
			children = (
				849DDD2FFA34E68554B2FD75 /* Card.swift */,
				D17114F932AA5083ABC48C1E /* Deck.swift */,
				8A5643EA43A4D7A9EC78651B /* ReviewEntry.swift */,
			);
			path = Models;
			sourceTree = "<group>";
		};
		4ABC375899389F613F980BBF /* ViewModels */ = {
			isa = PBXGroup;
			children = (
				975786C5B1BF51CCFD9A73B2 /* SRSEngine.swift */,
				B375DF09E229CCAAF72D1274 /* StudySessionViewModel.swift */,
			);
			path = ViewModels;
			sourceTree = "<group>";
		};
		6008013AA8936F5EB439799E /* KanjiBites */ = {
			isa = PBXGroup;
			children = (
				8F4D8B2F30C64A8FE3F29C53 /* ContentView.swift */,
				47A6A7C1787120B3F16F3150 /* Info.plist */,
				A25CBA7A3F5E32349906A449 /* KanjiBitesApp.swift */,
				75C20A450816FA6594B80FAE /* Components */,
				4171479112FBB98B3A358B83 /* Models */,
				67B4EBEAE67B69986C46DE9C /* Utilities */,
				4ABC375899389F613F980BBF /* ViewModels */,
				CE96051B775E309B5338329D /* Views */,
			);
			path = KanjiBites;
			sourceTree = "<group>";
		};
		67B4EBEAE67B69986C46DE9C /* Utilities */ = {
			isa = PBXGroup;
			children = (
				5A02F827151349C8353B5105 /* TextNormalizer.swift */,
			);
			path = Utilities;
			sourceTree = "<group>";
		};
		75C20A450816FA6594B80FAE /* Components */ = {
			isa = PBXGroup;
			children = (
				BC778682C9D6A1FDB734591C /* CanvasView.swift */,
				8EDE522790D9EDE8B3CD46B3 /* HandwritingRecognizer.swift */,
			);
			path = Components;
			sourceTree = "<group>";
		};
		8CE28C74224E1F847C119E4E /* Products */ = {
			isa = PBXGroup;
			children = (
				93EC3B02418CD47DB6F6B268 /* KanjiBites.app */,
				6E2F8110401CAB7E69A7B8F5 /* KanjiBitesTests.xctest */,
			);
			name = Products;
			sourceTree = "<group>";
		};
		B925D778FB0F9752EEAAF4BA = {
			isa = PBXGroup;
			children = (
				6008013AA8936F5EB439799E /* KanjiBites */,
				3265BBA8A46008464EE1BE3D /* KanjiBitesTests */,
				2640B863B85F375FED4B3F13 /* Frameworks */,
				8CE28C74224E1F847C119E4E /* Products */,
			);
			sourceTree = "<group>";
		};
		CE96051B775E309B5338329D /* Views */ = {
			isa = PBXGroup;
			children = (
				0E2305D4427A66210358D286 /* AddEditCardView.swift */,
				A1E5A6D8EC47ADEE7CB3653D /* AnswerReviewView.swift */,
				A65B4D6DD42878ECFE147183 /* DeckDetailView.swift */,
				EFF27F8931CA3C3B2498FD25 /* DeckListView.swift */,
				C6902B312710327A5926841E /* SettingsView.swift */,
				F4E847888911A735B392FE7A /* StudySessionView.swift */,
			);
			path = Views;
			sourceTree = "<group>";
		};
/* End PBXGroup section */

/* Begin PBXNativeTarget section */
		20070A43120814E898BC3C01 /* KanjiBites */ = {
			isa = PBXNativeTarget;
			buildConfigurationList = 73E24CFACA68A0CF229412FC /* Build configuration list for PBXNativeTarget "KanjiBites" */;
			buildPhases = (
				649FF90D06A6CC707603EAE4 /* Sources */,
				866013C9C6BE5B6AEC0FCDB2 /* Frameworks */,
				D04F9C86080A86FECEB07090 /* Embed Frameworks */,
			);
			buildRules = (
			);
			dependencies = (
			);
			name = KanjiBites;
			packageProductDependencies = (
			);
			productName = KanjiBites;
			productReference = 93EC3B02418CD47DB6F6B268 /* KanjiBites.app */;
			productType = "com.apple.product-type.application";
		};
		214BCA5FE933C2AB248F76A5 /* KanjiBitesTests */ = {
			isa = PBXNativeTarget;
			buildConfigurationList = E0CA2615DE43F1AB724AE2AE /* Build configuration list for PBXNativeTarget "KanjiBitesTests" */;
			buildPhases = (
				A57134960F9897A7E2651548 /* Sources */,
			);
			buildRules = (
			);
			dependencies = (
				6204E3796003A68FA7E93A47 /* PBXTargetDependency */,
			);
			name = KanjiBitesTests;
			packageProductDependencies = (
			);
			productName = KanjiBitesTests;
			productReference = 6E2F8110401CAB7E69A7B8F5 /* KanjiBitesTests.xctest */;
			productType = "com.apple.product-type.bundle.unit-test";
		};
/* End PBXNativeTarget section */

/* Begin PBXProject section */
		86A82DC4ABF17556B4166FE6 /* Project object */ = {
			isa = PBXProject;
			attributes = {
				BuildIndependentTargetsInParallel = YES;
				LastUpgradeCheck = 1430;
				TargetAttributes = {
				};
			};
			buildConfigurationList = 1278AC49E83EAED1EF6E3B1D /* Build configuration list for PBXProject "KanjiBites" */;
			developmentRegion = en;
			hasScannedForEncodings = 0;
			knownRegions = (
				Base,
				en,
			);
			mainGroup = B925D778FB0F9752EEAAF4BA;
			minimizedProjectReferenceProxies = 1;
			preferredProjectObjectVersion = 77;
			productRefGroup = 8CE28C74224E1F847C119E4E /* Products */;
			projectDirPath = "";
			projectRoot = "";
			targets = (
				20070A43120814E898BC3C01 /* KanjiBites */,
				214BCA5FE933C2AB248F76A5 /* KanjiBitesTests */,
			);
		};
/* End PBXProject section */

/* Begin PBXSourcesBuildPhase section */
		649FF90D06A6CC707603EAE4 /* Sources */ = {
			isa = PBXSourcesBuildPhase;
			buildActionMask = 2147483647;
			files = (
				B46403FB1D79C7D7266D20E5 /* AddEditCardView.swift in Sources */,
				AD9B5C382F4244610EB53ECE /* AnswerReviewView.swift in Sources */,
				09AF31552B7D37A8E514F4F2 /* CanvasView.swift in Sources */,
				1BEDB2DA53C91BB23CEF8CC0 /* Card.swift in Sources */,
				32E0CAB25EC32BEB7C8E9356 /* ContentView.swift in Sources */,
				6942C9DFFEA984CA8F693D3F /* Deck.swift in Sources */,
				603F45F3E6711D405F668919 /* DeckDetailView.swift in Sources */,
				B837558C63E97F0DE51B5E71 /* DeckListView.swift in Sources */,
				8FA5069F06784DADA833DA72 /* HandwritingRecognizer.swift in Sources */,
				83CBF1BF9742973E13F2CB2F /* KanjiBitesApp.swift in Sources */,
				C34C5FFE37FC00741B0C4A07 /* ReviewEntry.swift in Sources */,
				4B28563A05D1F3BB2D67A4B7 /* SRSEngine.swift in Sources */,
				9EEAEBBE645F5AAEB93D713E /* SettingsView.swift in Sources */,
				94214AC7EA3D6B4D65700215 /* StudySessionView.swift in Sources */,
				C7BBCB2136C2D6683C66FD84 /* StudySessionViewModel.swift in Sources */,
				846CACFD64E793C9E0EC499E /* TextNormalizer.swift in Sources */,
			);
			runOnlyForDeploymentPostprocessing = 0;
		};
		A57134960F9897A7E2651548 /* Sources */ = {
			isa = PBXSourcesBuildPhase;
			buildActionMask = 2147483647;
			files = (
				AB5B863EE16A091DC34BAD49 /* KanjiBitesTests.swift in Sources */,
			);
			runOnlyForDeploymentPostprocessing = 0;
		};
/* End PBXSourcesBuildPhase section */

/* Begin PBXTargetDependency section */
		6204E3796003A68FA7E93A47 /* PBXTargetDependency */ = {
			isa = PBXTargetDependency;
			target = 20070A43120814E898BC3C01 /* KanjiBites */;
			targetProxy = 92E2B4500194973437ECE2D4 /* PBXContainerItemProxy */;
		};
/* End PBXTargetDependency section */

/* Begin XCBuildConfiguration section */
		9EC3597BB073D7EE51E9F3A7 /* Debug */ = {
			isa = XCBuildConfiguration;
			buildSettings = {
				ASSETCATALOG_COMPILER_APPICON_NAME = AppIcon;
				CODE_SIGN_IDENTITY = "iPhone Developer";
				ENABLE_HARDENED_RUNTIME = YES;
				FRAMEWORK_SEARCH_PATHS = (
					"$(inherited)",
					"\".\"",
				);
				INFOPLIST_FILE = KanjiBites/Info.plist;
				IPHONEOS_DEPLOYMENT_TARGET = 17.0;
				LD_RUNPATH_SEARCH_PATHS = (
					"$(inherited)",
					"@executable_path/Frameworks",
				);
				PRODUCT_BUNDLE_IDENTIFIER = com.kanjibites.KanjiBites;
				SDKROOT = iphoneos;
				SWIFT_VERSION = 5.9;
				TARGETED_DEVICE_FAMILY = 2;
			};
			name = Debug;
		};
		A46847B072D6A355992E29BD /* Debug */ = {
			isa = XCBuildConfiguration;
			buildSettings = {
				ALWAYS_SEARCH_USER_PATHS = NO;
				CLANG_ANALYZER_NONNULL = YES;
				CLANG_ANALYZER_NUMBER_OBJECT_CONVERSION = YES_AGGRESSIVE;
				CLANG_CXX_LANGUAGE_STANDARD = "gnu++14";
				CLANG_CXX_LIBRARY = "libc++";
				CLANG_ENABLE_MODULES = YES;
				CLANG_ENABLE_OBJC_ARC = YES;
				CLANG_ENABLE_OBJC_WEAK = YES;
				CLANG_WARN_BLOCK_CAPTURE_AUTORELEASING = YES;
				CLANG_WARN_BOOL_CONVERSION = YES;
				CLANG_WARN_COMMA = YES;
				CLANG_WARN_CONSTANT_CONVERSION = YES;
				CLANG_WARN_DEPRECATED_OBJC_IMPLEMENTATIONS = YES;
				CLANG_WARN_DIRECT_OBJC_ISA_USAGE = YES_ERROR;
				CLANG_WARN_DOCUMENTATION_COMMENTS = YES;
				CLANG_WARN_EMPTY_BODY = YES;
				CLANG_WARN_ENUM_CONVERSION = YES;
				CLANG_WARN_INFINITE_RECURSION = YES;
				CLANG_WARN_INT_CONVERSION = YES;
				CLANG_WARN_NON_LITERAL_NULL_CONVERSION = YES;
				CLANG_WARN_OBJC_IMPLICIT_RETAIN_SELF = YES;
				CLANG_WARN_OBJC_LITERAL_CONVERSION = YES;
				CLANG_WARN_OBJC_ROOT_CLASS = YES_ERROR;
				CLANG_WARN_QUOTED_INCLUDE_IN_FRAMEWORK_HEADER = YES;
				CLANG_WARN_RANGE_LOOP_ANALYSIS = YES;
				CLANG_WARN_STRICT_PROTOTYPES = YES;
				CLANG_WARN_SUSPICIOUS_MOVE = YES;
				CLANG_WARN_UNGUARDED_AVAILABILITY = YES_AGGRESSIVE;
				CLANG_WARN_UNREACHABLE_CODE = YES;
				CLANG_WARN__DUPLICATE_METHOD_MATCH = YES;
				COPY_PHASE_STRIP = NO;
				DEBUG_INFORMATION_FORMAT = dwarf;
				ENABLE_STRICT_OBJC_MSGSEND = YES;
				ENABLE_TESTABILITY = YES;
				GCC_C_LANGUAGE_STANDARD = gnu11;
				GCC_DYNAMIC_NO_PIC = NO;
				GCC_NO_COMMON_BLOCKS = YES;
				GCC_OPTIMIZATION_LEVEL = 0;
				GCC_PREPROCESSOR_DEFINITIONS = (
					"$(inherited)",
					"DEBUG=1",
				);
				GCC_WARN_64_TO_32_BIT_CONVERSION = YES;
				GCC_WARN_ABOUT_RETURN_TYPE = YES_ERROR;
				GCC_WARN_UNDECLARED_SELECTOR = YES;
				GCC_WARN_UNINITIALIZED_AUTOS = YES_AGGRESSIVE;
				GCC_WARN_UNUSED_FUNCTION = YES;
				GCC_WARN_UNUSED_VARIABLE = YES;
				IPHONEOS_DEPLOYMENT_TARGET = 17.0;
				MTL_ENABLE_DEBUG_INFO = INCLUDE_SOURCE;
				MTL_FAST_MATH = YES;
				ONLY_ACTIVE_ARCH = YES;
				PRODUCT_NAME = "$(TARGET_NAME)";
				SDKROOT = iphoneos;
				SWIFT_ACTIVE_COMPILATION_CONDITIONS = DEBUG;
				SWIFT_OPTIMIZATION_LEVEL = "-Onone";
				SWIFT_VERSION = 5.0;
			};
			name = Debug;
		};
		A9FE40F118D04FDF0CE30EF4 /* Release */ = {
			isa = XCBuildConfiguration;
			buildSettings = {
				BUNDLE_LOADER = "$(TEST_HOST)";
				IPHONEOS_DEPLOYMENT_TARGET = 17.0;
				LD_RUNPATH_SEARCH_PATHS = (
					"$(inherited)",
					"@executable_path/Frameworks",
					"@loader_path/Frameworks",
				);
				PRODUCT_BUNDLE_IDENTIFIER = com.kanjibites.KanjiBitesTests;
				SDKROOT = iphoneos;
				SWIFT_VERSION = 5.9;
				TARGETED_DEVICE_FAMILY = "1,2";
				TEST_HOST = "$(BUILT_PRODUCTS_DIR)/KanjiBites.app/KanjiBites";
			};
			name = Release;
		};
		AF55FB4A50F2743BC66074E7 /* Release */ = {
			isa = XCBuildConfiguration;
			buildSettings = {
				ALWAYS_SEARCH_USER_PATHS = NO;
				CLANG_ANALYZER_NONNULL = YES;
				CLANG_ANALYZER_NUMBER_OBJECT_CONVERSION = YES_AGGRESSIVE;
				CLANG_CXX_LANGUAGE_STANDARD = "gnu++14";
				CLANG_CXX_LIBRARY = "libc++";
				CLANG_ENABLE_MODULES = YES;
				CLANG_ENABLE_OBJC_ARC = YES;
				CLANG_ENABLE_OBJC_WEAK = YES;
				CLANG_WARN_BLOCK_CAPTURE_AUTORELEASING = YES;
				CLANG_WARN_BOOL_CONVERSION = YES;
				CLANG_WARN_COMMA = YES;
				CLANG_WARN_CONSTANT_CONVERSION = YES;
				CLANG_WARN_DEPRECATED_OBJC_IMPLEMENTATIONS = YES;
				CLANG_WARN_DIRECT_OBJC_ISA_USAGE = YES_ERROR;
				CLANG_WARN_DOCUMENTATION_COMMENTS = YES;
				CLANG_WARN_EMPTY_BODY = YES;
				CLANG_WARN_ENUM_CONVERSION = YES;
				CLANG_WARN_INFINITE_RECURSION = YES;
				CLANG_WARN_INT_CONVERSION = YES;
				CLANG_WARN_NON_LITERAL_NULL_CONVERSION = YES;
				CLANG_WARN_OBJC_IMPLICIT_RETAIN_SELF = YES;
				CLANG_WARN_OBJC_LITERAL_CONVERSION = YES;
				CLANG_WARN_OBJC_ROOT_CLASS = YES_ERROR;
				CLANG_WARN_QUOTED_INCLUDE_IN_FRAMEWORK_HEADER = YES;
				CLANG_WARN_RANGE_LOOP_ANALYSIS = YES;
				CLANG_WARN_STRICT_PROTOTYPES = YES;
				CLANG_WARN_SUSPICIOUS_MOVE = YES;
				CLANG_WARN_UNGUARDED_AVAILABILITY = YES_AGGRESSIVE;
				CLANG_WARN_UNREACHABLE_CODE = YES;
				CLANG_WARN__DUPLICATE_METHOD_MATCH = YES;
				COPY_PHASE_STRIP = NO;
				DEBUG_INFORMATION_FORMAT = "dwarf-with-dsym";
				ENABLE_NS_ASSERTIONS = NO;
				ENABLE_STRICT_OBJC_MSGSEND = YES;
				GCC_C_LANGUAGE_STANDARD = gnu11;
				GCC_NO_COMMON_BLOCKS = YES;
				GCC_WARN_64_TO_32_BIT_CONVERSION = YES;
				GCC_WARN_ABOUT_RETURN_TYPE = YES_ERROR;
				GCC_WARN_UNDECLARED_SELECTOR = YES;
				GCC_WARN_UNINITIALIZED_AUTOS = YES_AGGRESSIVE;
				GCC_WARN_UNUSED_FUNCTION = YES;
				GCC_WARN_UNUSED_VARIABLE = YES;
				IPHONEOS_DEPLOYMENT_TARGET = 17.0;
				MTL_ENABLE_DEBUG_INFO = NO;
				MTL_FAST_MATH = YES;
				PRODUCT_NAME = "$(TARGET_NAME)";
				SDKROOT = iphoneos;
				SWIFT_COMPILATION_MODE = wholemodule;
				SWIFT_OPTIMIZATION_LEVEL = "-O";
				SWIFT_VERSION = 5.0;
			};
			name = Release;
		};
		C538906CFABE671A28FF0D9A /* Debug */ = {
			isa = XCBuildConfiguration;
			buildSettings = {
				BUNDLE_LOADER = "$(TEST_HOST)";
				IPHONEOS_DEPLOYMENT_TARGET = 17.0;
				LD_RUNPATH_SEARCH_PATHS = (
					"$(inherited)",
					"@executable_path/Frameworks",
					"@loader_path/Frameworks",
				);
				PRODUCT_BUNDLE_IDENTIFIER = com.kanjibites.KanjiBitesTests;
				SDKROOT = iphoneos;
				SWIFT_VERSION = 5.9;
				TARGETED_DEVICE_FAMILY = "1,2";
				TEST_HOST = "$(BUILT_PRODUCTS_DIR)/KanjiBites.app/KanjiBites";
			};
			name = Debug;
		};
		D372E7D38D10869EB34CB0B9 /* Release */ = {
			isa = XCBuildConfiguration;
			buildSettings = {
				ASSETCATALOG_COMPILER_APPICON_NAME = AppIcon;
				CODE_SIGN_IDENTITY = "iPhone Developer";
				ENABLE_HARDENED_RUNTIME = YES;
				FRAMEWORK_SEARCH_PATHS = (
					"$(inherited)",
					"\".\"",
				);
				INFOPLIST_FILE = KanjiBites/Info.plist;
				IPHONEOS_DEPLOYMENT_TARGET = 17.0;
				LD_RUNPATH_SEARCH_PATHS = (
					"$(inherited)",
					"@executable_path/Frameworks",
				);
				PRODUCT_BUNDLE_IDENTIFIER = com.kanjibites.KanjiBites;
				SDKROOT = iphoneos;
				SWIFT_VERSION = 5.9;
				TARGETED_DEVICE_FAMILY = 2;
			};
			name = Release;
		};
/* End XCBuildConfiguration section */

/* Begin XCConfigurationList section */
		1278AC49E83EAED1EF6E3B1D /* Build configuration list for PBXProject "KanjiBites" */ = {
			isa = XCConfigurationList;
			buildConfigurations = (
				A46847B072D6A355992E29BD /* Debug */,
				AF55FB4A50F2743BC66074E7 /* Release */,
			);
			defaultConfigurationIsVisible = 0;
			defaultConfigurationName = Debug;
		};
		73E24CFACA68A0CF229412FC /* Build configuration list for PBXNativeTarget "KanjiBites" */ = {
			isa = XCConfigurationList;
			buildConfigurations = (
				9EC3597BB073D7EE51E9F3A7 /* Debug */,
				D372E7D38D10869EB34CB0B9 /* Release */,
			);
			defaultConfigurationIsVisible = 0;
			defaultConfigurationName = Debug;
		};
		E0CA2615DE43F1AB724AE2AE /* Build configuration list for PBXNativeTarget "KanjiBitesTests" */ = {
			isa = XCConfigurationList;
			buildConfigurations = (
				C538906CFABE671A28FF0D9A /* Debug */,
				A9FE40F118D04FDF0CE30EF4 /* Release */,
			);
			defaultConfigurationIsVisible = 0;
			defaultConfigurationName = Debug;
		};
/* End XCConfigurationList section */
	};
	rootObject = 86A82DC4ABF17556B4166FE6 /* Project object */;
}
